
Microsoft Visual Studio Solution File, Format Version 12.00
# Visual Studio Version 17
VisualStudioVersion = 17.2.32630.192
MinimumVisualStudioVersion = 10.0.40219.1
Project("{FAE04EC0-301F-11D3-BF4B-00C04F79EFBC}") = "Assessment 1", "Assessment 1\Assessment 1.csproj", "{14F4F619-30AD-4EEB-99E3-85D3AC0F5AD8}"
EndProject
Global
	GlobalSection(SolutionConfigurationPlatforms) = preSolution
		Debug|Any CPU = Debug|Any CPU
		Release|Any CPU = Release|Any CPU
	EndGlobalSection
	GlobalSection(ProjectConfigurationPlatforms) = postSolution
		{14F4F619-30AD-4EEB-99E3-85D3AC0F5AD8}.Debug|Any CPU.ActiveCfg = Debug|Any CPU
		{14F4F619-30AD-4EEB-99E3-85D3AC0F5AD8}.Debug|Any CPU.Build.0 = Debug|Any CPU
		{14F4F619-30AD-4EEB-99E3-85D3AC0F5AD8}.Release|Any CPU.ActiveCfg = Release|Any CPU
		{14F4F619-30AD-4EEB-99E3-85D3AC0F5AD8}.Release|Any CPU.Build.0 = Release|Any CPU
	EndGlobalSection
	GlobalSection(SolutionProperties) = preSolution
		HideSolutionNode = FALSE
	EndGlobalSection
	GlobalSection(ExtensibilityGlobals) = postSolution
		SolutionGuid = {0576AC2F-422B-4FE1-B6A0-1DE4BB83496D}
	EndGlobalSection
EndGlobal
